# THIS IS AN AUTOGENERATED FILE. DO NOT EDIT THIS FILE DIRECTLY.
# yarn lockfile v1


"balanced-match@^1.0.0":
  "integrity" "sha1-6D46fj8wCzTLnYf2FfoMvzV2kO4="
  "resolved" "http://artprod.dev.bloomberg.com/artifactory/api/npm/npm-repos/balanced-match/-/balanced-match-1.0.2.tgz"
  "version" "1.0.2"

"brace-expansion@^2.0.1":
  "integrity" "sha1-HtxFng8MVISG7Pn8mfIiE2S5oK4="
  "resolved" "http://artprod.dev.bloomberg.com/artifactory/api/npm/npm-repos/brace-expansion/-/brace-expansion-2.0.1.tgz"
  "version" "2.0.1"
  dependencies:
    "balanced-match" "^1.0.0"

"jsonc-parser@^3.2.0":
  "integrity" "sha1-Mf8/TCuXk/icZyEmJ8UcY5T4jnY="
  "resolved" "http://artprod.dev.bloomberg.com/artifactory/api/npm/npm-repos/jsonc-parser/-/jsonc-parser-3.2.0.tgz"
  "version" "3.2.0"

"lunr@^2.3.9":
  "integrity" "sha512-zTU3DaZaF3Rt9rhN3uBMGQD3dD2/vFQqnvZCDv4dl5iOzq2IZQqTxu90r4E5J+nP70J3ilqVCrbho2eWaeW8Ow=="
  "resolved" "https://registry.npmjs.org/lunr/-/lunr-2.3.9.tgz"
  "version" "2.3.9"

"marked@^4.2.5":
  "integrity" "sha1-1ppk4h1xsGJQ2pldzQZcEQg767U="
  "resolved" "http://artprod.dev.bloomberg.com/artifactory/api/npm/npm-repos/marked/-/marked-4.2.12.tgz"
  "version" "4.2.12"

"minimatch@^5.1.2":
  "integrity" "sha1-HPy4z1Ui6mmVLNKvla4JR38SKpY="
  "resolved" "http://artprod.dev.bloomberg.com/artifactory/api/npm/npm-repos/minimatch/-/minimatch-5.1.6.tgz"
  "version" "5.1.6"
  dependencies:
    "brace-expansion" "^2.0.1"

"shiki@^0.12.1":
  "integrity" "sha1-JvzlHaEtBV9HmgkaUwdHB4bzAM0="
  "resolved" "http://artprod.dev.bloomberg.com/artifactory/api/npm/npm-repos/shiki/-/shiki-0.12.1.tgz"
  "version" "0.12.1"
  dependencies:
    "jsonc-parser" "^3.2.0"
    "vscode-oniguruma" "^1.7.0"
    "vscode-textmate" "^8.0.0"

"typedoc@0.23.24":
  "integrity" "sha1-Ac8ywJ8sGTYucqnOFVLW5bSMT+8="
  "resolved" "http://artprod.dev.bloomberg.com/artifactory/api/npm/npm-repos/typedoc/-/typedoc-0.23.24.tgz"
  "version" "0.23.24"
  dependencies:
    "lunr" "^2.3.9"
    "marked" "^4.2.5"
    "minimatch" "^5.1.2"
    "shiki" "^0.12.1"

"typescript@4.6.x || 4.7.x || 4.8.x || 4.9.x", "typescript@4.9":
  "integrity" "sha1-CVl5+bzA0J2jJNWNA86Pg3TL5lo="
  "resolved" "http://artprod.dev.bloomberg.com/artifactory/api/npm/npm-repos/typescript/-/typescript-4.9.5.tgz"
  "version" "4.9.5"

"vscode-oniguruma@^1.7.0":
  "integrity" "sha1-Q5v62P5xq9d5gzjRzT3FOovuqUs="
  "resolved" "http://artprod.dev.bloomberg.com/artifactory/api/npm/npm-repos/vscode-oniguruma/-/vscode-oniguruma-1.7.0.tgz"
  "version" "1.7.0"

"vscode-textmate@^8.0.0":
  "integrity" "sha1-LHo7EWPvBEEJfgtdY4nNVQS1nl0="
  "resolved" "http://artprod.dev.bloomberg.com/artifactory/api/npm/npm-repos/vscode-textmate/-/vscode-textmate-8.0.0.tgz"
  "version" "8.0.0"
